{
  "version": 4,
  "terraform_version": "0.14.8",
  "serial": 3,
  "lineage": "d850e859-ef80-88c5-e76d-13e9003ead89",
  "outputs": {},
  "resources": [
    {
      "mode": "managed",
      "type": "aws_launch_template",
      "name": "mywebserverforhw43",
      "provider": "provider[\"registry.terraform.io/hashicorp/aws\"]",
      "instances": [
        {
          "schema_version": 0,
          "attributes": {
            "arn": "arn:aws:ec2:us-east-1:658683390959:launch-template/lt-0d5e3176885ffdb98",
            "block_device_mappings": [
              {
                "device_name": "/dev/sda1",
                "ebs": [
                  {
                    "delete_on_termination": "",
                    "encrypted": "",
                    "iops": 0,
                    "kms_key_id": "",
                    "snapshot_id": "",
                    "throughput": 0,
                    "volume_size": 8,
                    "volume_type": ""
                  }
                ],
                "no_device": "",
                "virtual_name": ""
              }
            ],
            "capacity_reservation_specification": [
              {
                "capacity_reservation_preference": "none",
                "capacity_reservation_target": []
              }
            ],
            "cpu_options": [
              {
                "core_count": 2,
                "threads_per_core": 2
              }
            ],
            "credit_specification": [
              {
                "cpu_credits": "standard"
              }
            ],
            "default_version": 1,
            "description": "",
            "disable_api_termination": true,
            "ebs_optimized": "true",
            "elastic_gpu_specifications": [],
            "elastic_inference_accelerator": [],
            "enclave_options": [],
            "hibernation_options": [],
            "iam_instance_profile": [
              {
                "arn": "",
                "name": "mywebserverforhw43"
              }
            ],
            "id": "lt-0d5e3176885ffdb98",
            "image_id": "ami-042e8287309f5df03",
            "instance_initiated_shutdown_behavior": "terminate",
            "instance_market_options": [],
            "instance_type": "t2.micro",
            "kernel_id": "",
            "key_name": "hw41",
            "latest_version": 1,
            "license_specification": [],
            "metadata_options": [
              {
                "http_endpoint": "enabled",
                "http_put_response_hop_limit": 1,
                "http_tokens": "required"
              }
            ],
            "monitoring": [
              {
                "enabled": false
              }
            ],
            "name": "mywebserverforhw43",
            "name_prefix": null,
            "network_interfaces": [
              {
                "associate_carrier_ip_address": "",
                "associate_public_ip_address": "true",
                "delete_on_termination": "",
                "description": "",
                "device_index": 0,
                "ipv4_address_count": 0,
                "ipv4_addresses": null,
                "ipv6_address_count": 0,
                "ipv6_addresses": null,
                "network_interface_id": "",
                "private_ip_address": "",
                "security_groups": null,
                "subnet_id": ""
              }
            ],
            "placement": [
              {
                "affinity": "",
                "availability_zone": "us-east-1a",
                "group_name": "",
                "host_id": "",
                "partition_number": 0,
                "spread_domain": "",
                "tenancy": ""
              }
            ],
            "ram_disk_id": "",
            "security_group_names": null,
            "tag_specifications": [
              {
                "resource_type": "instance",
                "tags": {
                  "Name": "MytestInTerraform"
                }
              }
            ],
            "tags": null,
            "update_default_version": null,
            "user_data": "IyEvYmluL2Jhc2gKIyBVcGRhdGUgcmVwb3NpdG9yaWVzCnN1ZG8gYXB0LWdldCB1cGRhdGUKCiMgSW5zdGFsbCBOR0lOWApzdWRvIGFwdC1nZXQgaW5zdGFsbCBuZ2lueCAteQoKIyBDb25maWd1cmUgZmlyZXdhbGwKIyBVbmNvbW1lbnQgb3V0IHRoZSBsaW5lIHRoYXQgbWVldHMgeW91ciBuZWVkcwpzdWRvIHVmdyBhbGxvdyAnTmdpbnggRnVsbCcgIyBib3RoIHBvcnRzIDgwIGFuZCA0NDM=",
            "vpc_security_group_ids": [
              "sg-0acc06198675a4bf7"
            ]
          },
          "sensitive_attributes": [],
          "private": "bnVsbA=="
        }
      ]
    }
  ]
}
